
Microsoft Visual Studio Solution File, Format Version 12.00
# Visual Studio Version 16
VisualStudioVersion = 16.0.30621.155
MinimumVisualStudioVersion = 10.0.40219.1
Project("{FAE04EC0-301F-11D3-BF4B-00C04F79EFBC}") = "GitHubProject1", "GitHubProject1\GitHubProject1.csproj", "{98D1FAFB-28B8-44F0-878E-2D2389BF4149}"
EndProject
Global
	GlobalSection(SolutionConfigurationPlatforms) = preSolution
		Debug|Any CPU = Debug|Any CPU
		Release|Any CPU = Release|Any CPU
	EndGlobalSection
	GlobalSection(ProjectConfigurationPlatforms) = postSolution
		{98D1FAFB-28B8-44F0-878E-2D2389BF4149}.Debug|Any CPU.ActiveCfg = Debug|Any CPU
		{98D1FAFB-28B8-44F0-878E-2D2389BF4149}.Debug|Any CPU.Build.0 = Debug|Any CPU
		{98D1FAFB-28B8-44F0-878E-2D2389BF4149}.Release|Any CPU.ActiveCfg = Release|Any CPU
		{98D1FAFB-28B8-44F0-878E-2D2389BF4149}.Release|Any CPU.Build.0 = Release|Any CPU
	EndGlobalSection
	GlobalSection(SolutionProperties) = preSolution
		HideSolutionNode = FALSE
	EndGlobalSection
	GlobalSection(ExtensibilityGlobals) = postSolution
		SolutionGuid = {A618742C-3D37-40B8-B8EE-02CA18B7C677}
	EndGlobalSection
EndGlobal
